
Microsoft Visual Studio Solution File, Format Version 12.00
# Visual Studio Version 17
VisualStudioVersion = 17.11.35312.102
MinimumVisualStudioVersion = 10.0.40219.1
Project("{FAE04EC0-301F-11D3-BF4B-00C04F79EFBC}") = "TextRPG_Reform_Upgrade", "TextRPG_Reform_Upgrade\TextRPG_Reform_Upgrade.csproj", "{ABFE9813-B70C-428C-A02A-33B45B704685}"
EndProject
Global
	GlobalSection(SolutionConfigurationPlatforms) = preSolution
		Debug|Any CPU = Debug|Any CPU
		Release|Any CPU = Release|Any CPU
	EndGlobalSection
	GlobalSection(ProjectConfigurationPlatforms) = postSolution
		{ABFE9813-B70C-428C-A02A-33B45B704685}.Debug|Any CPU.ActiveCfg = Debug|Any CPU
		{ABFE9813-B70C-428C-A02A-33B45B704685}.Debug|Any CPU.Build.0 = Debug|Any CPU
		{ABFE9813-B70C-428C-A02A-33B45B704685}.Release|Any CPU.ActiveCfg = Release|Any CPU
		{ABFE9813-B70C-428C-A02A-33B45B704685}.Release|Any CPU.Build.0 = Release|Any CPU
	EndGlobalSection
	GlobalSection(SolutionProperties) = preSolution
		HideSolutionNode = FALSE
	EndGlobalSection
	GlobalSection(ExtensibilityGlobals) = postSolution
		SolutionGuid = {D47A8700-8E99-4F5B-B81A-A29419D89D1E}
	EndGlobalSection
EndGlobal
